
Microsoft Visual Studio Solution File, Format Version 12.00
# Visual Studio 15
VisualStudioVersion = 15.0.27703.2026
MinimumVisualStudioVersion = 10.0.40219.1
Project("{FAE04EC0-301F-11D3-BF4B-00C04F79EFBC}") = "MPro", "MPro\MPro.csproj", "{5035C2A0-A50D-403F-AC97-80952C8DC86D}"
EndProject
Global
	GlobalSection(SolutionConfigurationPlatforms) = preSolution
		Debug|Any CPU = Debug|Any CPU
		Release|Any CPU = Release|Any CPU
	EndGlobalSection
	GlobalSection(ProjectConfigurationPlatforms) = postSolution
		{5035C2A0-A50D-403F-AC97-80952C8DC86D}.Debug|Any CPU.ActiveCfg = Debug|Any CPU
		{5035C2A0-A50D-403F-AC97-80952C8DC86D}.Debug|Any CPU.Build.0 = Debug|Any CPU
		{5035C2A0-A50D-403F-AC97-80952C8DC86D}.Release|Any CPU.ActiveCfg = Release|Any CPU
		{5035C2A0-A50D-403F-AC97-80952C8DC86D}.Release|Any CPU.Build.0 = Release|Any CPU
	EndGlobalSection
	GlobalSection(SolutionProperties) = preSolution
		HideSolutionNode = FALSE
	EndGlobalSection
	GlobalSection(ExtensibilityGlobals) = postSolution
		SolutionGuid = {9FEA1CA6-DD12-4B68-B96E-129543F1845E}
	EndGlobalSection
EndGlobal
